
Microsoft Visual Studio Solution File, Format Version 12.00
# Visual Studio Version 17
VisualStudioVersion = 17.9.34728.123
MinimumVisualStudioVersion = 10.0.40219.1
Project("{9A19103F-16F7-4668-BE54-9A1E7A4F7556}") = "JakeDemoSite1", "JakeDemoSite1.csproj", "{C354F027-CE61-4DBA-BC86-50B9FBEB81FB}"
EndProject
Global
	GlobalSection(SolutionConfigurationPlatforms) = preSolution
		Debug|Any CPU = Debug|Any CPU
		Release|Any CPU = Release|Any CPU
	EndGlobalSection
	GlobalSection(ProjectConfigurationPlatforms) = postSolution
		{C354F027-CE61-4DBA-BC86-50B9FBEB81FB}.Debug|Any CPU.ActiveCfg = Debug|Any CPU
		{C354F027-CE61-4DBA-BC86-50B9FBEB81FB}.Debug|Any CPU.Build.0 = Debug|Any CPU
		{C354F027-CE61-4DBA-BC86-50B9FBEB81FB}.Release|Any CPU.ActiveCfg = Release|Any CPU
		{C354F027-CE61-4DBA-BC86-50B9FBEB81FB}.Release|Any CPU.Build.0 = Release|Any CPU
	EndGlobalSection
	GlobalSection(SolutionProperties) = preSolution
		HideSolutionNode = FALSE
	EndGlobalSection
	GlobalSection(ExtensibilityGlobals) = postSolution
		SolutionGuid = {99F54A3C-F5F1-4961-9ED9-363DD9AF3715}
	EndGlobalSection
EndGlobal
